{
  "object": {
    "pins": [
      {
        "package": "BigInt",
        "repositoryURL": "https://github.com/attaswift/BigInt.git",
        "state": {
          "branch": null,
          "revision": "0ed110f7555c34ff468e72e1686e59721f2b0da6",
          "version": "5.3.0"
        }
      },
      {
        "package": "Bip39",
        "repositoryURL": "https://github.com/tesseract-one/Bip39.swift.git",
        "state": {
          "branch": null,
          "revision": "ac728b82520e93a17deb1c2af2c9c952274db703",
          "version": "0.1.1"
        }
      },
      {
        "package": "Blake2",
        "repositoryURL": "https://github.com/tesseract-one/Blake2.swift.git",
        "state": {
          "branch": null,
          "revision": "106f68231100021e1f745779e241f81a065ad0de",
          "version": "0.1.2"
        }
      },
      {
        "package": "CSecp256k1",
        "repositoryURL": "https://github.com/tesseract-one/CSecp256k1.swift.git",
        "state": {
          "branch": null,
          "revision": "eeaa0df1eef8f5ff4214ae716cf844cb75874e96",
          "version": "0.1.0"
        }
      },
      {
        "package": "Serializable",
        "repositoryURL": "https://github.com/tesseract-one/Serializable.swift.git",
        "state": {
          "branch": null,
          "revision": "c87eeea3f1c8b2d71b33f6ff83076430c6126e0b",
          "version": "0.2.3"
        }
      },
      {
        "package": "Sr25519",
        "repositoryURL": "https://github.com/tesseract-one/Sr25519.swift.git",
        "state": {
          "branch": null,
          "revision": "d611e002653f4538c3df8feb0fa6e5dd59238f45",
          "version": "0.1.3"
        }
      },
      {
        "package": "swift-nio",
        "repositoryURL": "https://github.com/apple/swift-nio.git",
        "state": {
          "branch": null,
          "revision": "fb48bdd8279799f655da5f8b4e0a21430eca6012",
          "version": "2.32.3"
        }
      },
      {
        "package": "swift-nio-ssl",
        "repositoryURL": "https://github.com/apple/swift-nio-ssl.git",
        "state": {
          "branch": null,
          "revision": "77a3bf17884d2c87ba400f4d93b9a6f27b078651",
          "version": "2.15.1"
        }
      },
      {
        "package": "swift-scale-codec",
        "repositoryURL": "https://github.com/tesseract-one/swift-scale-codec.git",
        "state": {
          "branch": null,
          "revision": "bd39b2d68d87126a61b62a071ee4c065e2a1fe30",
          "version": "0.2.1"
        }
      },
      {
        "package": "UncommonCrypto",
        "repositoryURL": "https://github.com/tesseract-one/UncommonCrypto.swift.git",
        "state": {
          "branch": null,
          "revision": "e089407582e1f2d81dc11ba167362742422b8979",
          "version": "0.1.3"
        }
      },
      {
        "package": "WebSocket",
        "repositoryURL": "https://github.com/tesseract-one/WebSocket.swift.git",
        "state": {
          "branch": null,
          "revision": "ec52c3b53b62136b9ded6a9b48e5801054619fbe",
          "version": "0.1.0"
        }
      },
      {
        "package": "xxHash-Swift",
        "repositoryURL": "https://github.com/daisuke-t-jp/xxHash-Swift.git",
        "state": {
          "branch": null,
          "revision": "1fbd877ba76e9b0b6611f4b2d3d02adb254bb4bd",
          "version": "1.1.0"
        }
      }
    ]
  },
  "version": 1
}
